// !$*UTF8*$!
{
	archiveVersion = 1;
	classes = {
	};
	objectVersion = 77;
	objects = {

/* Begin PBXContainerItemProxy section */
		F34463642CD4ECEA00F0991C /* PBXContainerItemProxy */ = {
			isa = PBXContainerItemProxy;
			containerPortal = F344634B2CD4ECE900F0991C /* Project object */;
			proxyType = 1;
			remoteGlobalIDString = F34463522CD4ECE900F0991C;
			remoteInfo = betr;
		};
		F344636E2CD4ECEA00F0991C /* PBXContainerItemProxy */ = {
			isa = PBXContainerItemProxy;
			containerPortal = F344634B2CD4ECE900F0991C /* Project object */;
			proxyType = 1;
			remoteGlobalIDString = F34463522CD4ECE900F0991C;
			remoteInfo = betr;
		};
/* End PBXContainerItemProxy section */

/* Begin PBXFileReference section */
		F34463532CD4ECE900F0991C /* betr.app */ = {isa = PBXFileReference; explicitFileType = wrapper.application; includeInIndex = 0; path = betr.app; sourceTree = BUILT_PRODUCTS_DIR; };
		F34463632CD4ECEA00F0991C /* betrTests.xctest */ = {isa = PBXFileReference; explicitFileType = wrapper.cfbundle; includeInIndex = 0; path = betrTests.xctest; sourceTree = BUILT_PRODUCTS_DIR; };
		F344636D2CD4ECEA00F0991C /* betrUITests.xctest */ = {isa = PBXFileReference; explicitFileType = wrapper.cfbundle; includeInIndex = 0; path = betrUITests.xctest; sourceTree = BUILT_PRODUCTS_DIR; };
/* End PBXFileReference section */

/* Begin PBXFileSystemSynchronizedRootGroup section */
		F34463552CD4ECE900F0991C /* betr */ = {
			isa = PBXFileSystemSynchronizedRootGroup;
			path = betr;
			sourceTree = "<group>";
		};
		F34463662CD4ECEA00F0991C /* betrTests */ = {
			isa = PBXFileSystemSynchronizedRootGroup;
			path = betrTests;
			sourceTree = "<group>";
		};
		F34463702CD4ECEA00F0991C /* betrUITests */ = {
			isa = PBXFileSystemSynchronizedRootGroup;
			path = betrUITests;
			sourceTree = "<group>";
		};
/* End PBXFileSystemSynchronizedRootGroup section */

/* Begin PBXFrameworksBuildPhase section */
		F34463502CD4ECE900F0991C /* Frameworks */ = {
			isa = PBXFrameworksBuildPhase;
			buildActionMask = 2147483647;
			files = (
			);
			runOnlyForDeploymentPostprocessing = 0;
		};
		F34463602CD4ECEA00F0991C /* Frameworks */ = {
			isa = PBXFrameworksBuildPhase;
			buildActionMask = 2147483647;
			files = (
			);
			runOnlyForDeploymentPostprocessing = 0;
		};
		F344636A2CD4ECEA00F0991C /* Frameworks */ = {
			isa = PBXFrameworksBuildPhase;
			buildActionMask = 2147483647;
			files = (
			);
			runOnlyForDeploymentPostprocessing = 0;
		};
/* End PBXFrameworksBuildPhase section */

/* Begin PBXGroup section */
		F344634A2CD4ECE900F0991C = {
			isa = PBXGroup;
			children = (
				F34463552CD4ECE900F0991C /* betr */,
				F34463662CD4ECEA00F0991C /* betrTests */,
				F34463702CD4ECEA00F0991C /* betrUITests */,
				F34463542CD4ECE900F0991C /* Products */,
			);
			sourceTree = "<group>";
		};
		F34463542CD4ECE900F0991C /* Products */ = {
			isa = PBXGroup;
			children = (
				F34463532CD4ECE900F0991C /* betr.app */,
				F34463632CD4ECEA00F0991C /* betrTests.xctest */,
				F344636D2CD4ECEA00F0991C /* betrUITests.xctest */,
			);
			name = Products;
			sourceTree = "<group>";
		};
/* End PBXGroup section */

/* Begin PBXNativeTarget section */
		F34463522CD4ECE900F0991C /* betr */ = {
			isa = PBXNativeTarget;
			buildConfigurationList = F34463772CD4ECEA00F0991C /* Build configuration list for PBXNativeTarget "betr" */;
			buildPhases = (
				F344634F2CD4ECE900F0991C /* Sources */,
				F34463502CD4ECE900F0991C /* Frameworks */,
				F34463512CD4ECE900F0991C /* Resources */,
			);
			buildRules = (
			);
			dependencies = (
			);
			fileSystemSynchronizedGroups = (
				F34463552CD4ECE900F0991C /* betr */,
			);
			name = betr;
			packageProductDependencies = (
			);
			productName = betr;
			productReference = F34463532CD4ECE900F0991C /* betr.app */;
			productType = "com.apple.product-type.application";
		};
		F34463622CD4ECEA00F0991C /* betrTests */ = {
			isa = PBXNativeTarget;
			buildConfigurationList = F344637A2CD4ECEA00F0991C /* Build configuration list for PBXNativeTarget "betrTests" */;
			buildPhases = (
				F344635F2CD4ECEA00F0991C /* Sources */,
				F34463602CD4ECEA00F0991C /* Frameworks */,
				F34463612CD4ECEA00F0991C /* Resources */,
			);
			buildRules = (
			);
			dependencies = (
				F34463652CD4ECEA00F0991C /* PBXTargetDependency */,
			);
			fileSystemSynchronizedGroups = (
				F34463662CD4ECEA00F0991C /* betrTests */,
			);
			name = betrTests;
			packageProductDependencies = (
			);
			productName = betrTests;
			productReference = F34463632CD4ECEA00F0991C /* betrTests.xctest */;
			productType = "com.apple.product-type.bundle.unit-test";
		};
		F344636C2CD4ECEA00F0991C /* betrUITests */ = {
			isa = PBXNativeTarget;
			buildConfigurationList = F344637D2CD4ECEA00F0991C /* Build configuration list for PBXNativeTarget "betrUITests" */;
			buildPhases = (
				F34463692CD4ECEA00F0991C /* Sources */,
				F344636A2CD4ECEA00F0991C /* Frameworks */,
				F344636B2CD4ECEA00F0991C /* Resources */,
			);
			buildRules = (
			);
			dependencies = (
				F344636F2CD4ECEA00F0991C /* PBXTargetDependency */,
			);
			fileSystemSynchronizedGroups = (
				F34463702CD4ECEA00F0991C /* betrUITests */,
			);
			name = betrUITests;
			packageProductDependencies = (
			);
			productName = betrUITests;
			productReference = F344636D2CD4ECEA00F0991C /* betrUITests.xctest */;
			productType = "com.apple.product-type.bundle.ui-testing";
		};
/* End PBXNativeTarget section */

/* Begin PBXProject section */
		F344634B2CD4ECE900F0991C /* Project object */ = {
			isa = PBXProject;
			attributes = {
				BuildIndependentTargetsInParallel = 1;
				LastSwiftUpdateCheck = 1610;
				LastUpgradeCheck = 1610;
				TargetAttributes = {
					F34463522CD4ECE900F0991C = {
						CreatedOnToolsVersion = 16.1;
					};
					F34463622CD4ECEA00F0991C = {
						CreatedOnToolsVersion = 16.1;
						TestTargetID = F34463522CD4ECE900F0991C;
					};
					F344636C2CD4ECEA00F0991C = {
						CreatedOnToolsVersion = 16.1;
						TestTargetID = F34463522CD4ECE900F0991C;
					};
				};
			};
			buildConfigurationList = F344634E2CD4ECE900F0991C /* Build configuration list for PBXProject "betr" */;
			developmentRegion = en;
			hasScannedForEncodings = 0;
			knownRegions = (
				en,
				Base,
			);
			mainGroup = F344634A2CD4ECE900F0991C;
			minimizedProjectReferenceProxies = 1;
			packageReferences = (
				F34463B52CD578B300F0991C /* XCLocalSwiftPackageReference "../../Downloads/ConfettiSwiftUI-master" */,
			);
			preferredProjectObjectVersion = 77;
			productRefGroup = F34463542CD4ECE900F0991C /* Products */;
			projectDirPath = "";
			projectRoot = "";
			targets = (
				F34463522CD4ECE900F0991C /* betr */,
				F34463622CD4ECEA00F0991C /* betrTests */,
				F344636C2CD4ECEA00F0991C /* betrUITests */,
			);
		};
/* End PBXProject section */

/* Begin PBXResourcesBuildPhase section */
		F34463512CD4ECE900F0991C /* Resources */ = {
			isa = PBXResourcesBuildPhase;
			buildActionMask = 2147483647;
			files = (
			);
			runOnlyForDeploymentPostprocessing = 0;
		};
		F34463612CD4ECEA00F0991C /* Resources */ = {
			isa = PBXResourcesBuildPhase;
			buildActionMask = 2147483647;
			files = (
			);
			runOnlyForDeploymentPostprocessing = 0;
		};
		F344636B2CD4ECEA00F0991C /* Resources */ = {
			isa = PBXResourcesBuildPhase;
			buildActionMask = 2147483647;
			files = (
			);
			runOnlyForDeploymentPostprocessing = 0;
		};
/* End PBXResourcesBuildPhase section */

/* Begin PBXSourcesBuildPhase section */
		F344634F2CD4ECE900F0991C /* Sources */ = {
			isa = PBXSourcesBuildPhase;
			buildActionMask = 2147483647;
			files = (
			);
			runOnlyForDeploymentPostprocessing = 0;
		};
		F344635F2CD4ECEA00F0991C /* Sources */ = {
			isa = PBXSourcesBuildPhase;
			buildActionMask = 2147483647;
			files = (
			);
			runOnlyForDeploymentPostprocessing = 0;
		};
		F34463692CD4ECEA00F0991C /* Sources */ = {
			isa = PBXSourcesBuildPhase;
			buildActionMask = 2147483647;
			files = (
			);
			runOnlyForDeploymentPostprocessing = 0;
		};
/* End PBXSourcesBuildPhase section */

/* Begin PBXTargetDependency section */
		F34463652CD4ECEA00F0991C /* PBXTargetDependency */ = {
			isa = PBXTargetDependency;
			target = F34463522CD4ECE900F0991C /* betr */;
			targetProxy = F34463642CD4ECEA00F0991C /* PBXContainerItemProxy */;
		};
		F344636F2CD4ECEA00F0991C /* PBXTargetDependency */ = {
			isa = PBXTargetDependency;
			target = F34463522CD4ECE900F0991C /* betr */;
			targetProxy = F344636E2CD4ECEA00F0991C /* PBXContainerItemProxy */;
		};
/* End PBXTargetDependency section */

/* Begin XCBuildConfiguration section */
		F34463752CD4ECEA00F0991C /* Debug */ = {
			isa = XCBuildConfiguration;
			buildSettings = {
				ALWAYS_SEARCH_USER_PATHS = NO;
				ASSETCATALOG_COMPILER_GENERATE_SWIFT_ASSET_SYMBOL_EXTENSIONS = YES;
				CLANG_ANALYZER_NONNULL = YES;
				CLANG_ANALYZER_NUMBER_OBJECT_CONVERSION = YES_AGGRESSIVE;
				CLANG_CXX_LANGUAGE_STANDARD = "gnu++20";
				CLANG_ENABLE_MODULES = YES;
				CLANG_ENABLE_OBJC_ARC = YES;
				CLANG_ENABLE_OBJC_WEAK = YES;
				CLANG_WARN_BLOCK_CAPTURE_AUTORELEASING = YES;
				CLANG_WARN_BOOL_CONVERSION = YES;
				CLANG_WARN_COMMA = YES;
				CLANG_WARN_CONSTANT_CONVERSION = YES;
				CLANG_WARN_DEPRECATED_OBJC_IMPLEMENTATIONS = YES;
				CLANG_WARN_DIRECT_OBJC_ISA_USAGE = YES_ERROR;
				CLANG_WARN_DOCUMENTATION_COMMENTS = YES;
				CLANG_WARN_EMPTY_BODY = YES;
				CLANG_WARN_ENUM_CONVERSION = YES;
				CLANG_WARN_INFINITE_RECURSION = YES;
				CLANG_WARN_INT_CONVERSION = YES;
				CLANG_WARN_NON_LITERAL_NULL_CONVERSION = YES;
				CLANG_WARN_OBJC_IMPLICIT_RETAIN_SELF = YES;
				CLANG_WARN_OBJC_LITERAL_CONVERSION = YES;
				CLANG_WARN_OBJC_ROOT_CLASS = YES_ERROR;
				CLANG_WARN_QUOTED_INCLUDE_IN_FRAMEWORK_HEADER = YES;
				CLANG_WARN_RANGE_LOOP_ANALYSIS = YES;
				CLANG_WARN_STRICT_PROTOTYPES = YES;
				CLANG_WARN_SUSPICIOUS_MOVE = YES;
				CLANG_WARN_UNGUARDED_AVAILABILITY = YES_AGGRESSIVE;
				CLANG_WARN_UNREACHABLE_CODE = YES;
				CLANG_WARN__DUPLICATE_METHOD_MATCH = YES;
				COPY_PHASE_STRIP = NO;
				DEBUG_INFORMATION_FORMAT = dwarf;
				ENABLE_STRICT_OBJC_MSGSEND = YES;
				ENABLE_TESTABILITY = YES;
				ENABLE_USER_SCRIPT_SANDBOXING = YES;
				GCC_C_LANGUAGE_STANDARD = gnu17;
				GCC_DYNAMIC_NO_PIC = NO;
				GCC_NO_COMMON_BLOCKS = YES;
				GCC_OPTIMIZATION_LEVEL = 0;
				GCC_PREPROCESSOR_DEFINITIONS = (
					"DEBUG=1",
					"$(inherited)",
				);
				GCC_WARN_64_TO_32_BIT_CONVERSION = YES;
				GCC_WARN_ABOUT_RETURN_TYPE = YES_ERROR;
				GCC_WARN_UNDECLARED_SELECTOR = YES;
				GCC_WARN_UNINITIALIZED_AUTOS = YES_AGGRESSIVE;
				GCC_WARN_UNUSED_FUNCTION = YES;
				GCC_WARN_UNUSED_VARIABLE = YES;
				IPHONEOS_DEPLOYMENT_TARGET = 18.1;
				LOCALIZATION_PREFERS_STRING_CATALOGS = YES;
				MTL_ENABLE_DEBUG_INFO = INCLUDE_SOURCE;
				MTL_FAST_MATH = YES;
				ONLY_ACTIVE_ARCH = YES;
				SDKROOT = iphoneos;
				SWIFT_ACTIVE_COMPILATION_CONDITIONS = "DEBUG $(inherited)";
				SWIFT_OPTIMIZATION_LEVEL = "-Onone";
			};
			name = Debug;
		};
		F34463762CD4ECEA00F0991C /* Release */ = {
			isa = XCBuildConfiguration;
			buildSettings = {
				ALWAYS_SEARCH_USER_PATHS = NO;
				ASSETCATALOG_COMPILER_GENERATE_SWIFT_ASSET_SYMBOL_EXTENSIONS = YES;
				CLANG_ANALYZER_NONNULL = YES;
				CLANG_ANALYZER_NUMBER_OBJECT_CONVERSION = YES_AGGRESSIVE;
				CLANG_CXX_LANGUAGE_STANDARD = "gnu++20";
				CLANG_ENABLE_MODULES = YES;
				CLANG_ENABLE_OBJC_ARC = YES;
				CLANG_ENABLE_OBJC_WEAK = YES;
				CLANG_WARN_BLOCK_CAPTURE_AUTORELEASING = YES;
				CLANG_WARN_BOOL_CONVERSION = YES;
				CLANG_WARN_COMMA = YES;
				CLANG_WARN_CONSTANT_CONVERSION = YES;
				CLANG_WARN_DEPRECATED_OBJC_IMPLEMENTATIONS = YES;
				CLANG_WARN_DIRECT_OBJC_ISA_USAGE = YES_ERROR;
				CLANG_WARN_DOCUMENTATION_COMMENTS = YES;
				CLANG_WARN_EMPTY_BODY = YES;
				CLANG_WARN_ENUM_CONVERSION = YES;
				CLANG_WARN_INFINITE_RECURSION = YES;
				CLANG_WARN_INT_CONVERSION = YES;
				CLANG_WARN_NON_LITERAL_NULL_CONVERSION = YES;
				CLANG_WARN_OBJC_IMPLICIT_RETAIN_SELF = YES;
				CLANG_WARN_OBJC_LITERAL_CONVERSION = YES;
				CLANG_WARN_OBJC_ROOT_CLASS = YES_ERROR;
				CLANG_WARN_QUOTED_INCLUDE_IN_FRAMEWORK_HEADER = YES;
				CLANG_WARN_RANGE_LOOP_ANALYSIS = YES;
				CLANG_WARN_STRICT_PROTOTYPES = YES;
				CLANG_WARN_SUSPICIOUS_MOVE = YES;
				CLANG_WARN_UNGUARDED_AVAILABILITY = YES_AGGRESSIVE;
				CLANG_WARN_UNREACHABLE_CODE = YES;
				CLANG_WARN__DUPLICATE_METHOD_MATCH = YES;
				COPY_PHASE_STRIP = NO;
				DEBUG_INFORMATION_FORMAT = "dwarf-with-dsym";
				ENABLE_NS_ASSERTIONS = NO;
				ENABLE_STRICT_OBJC_MSGSEND = YES;
				ENABLE_USER_SCRIPT_SANDBOXING = YES;
				GCC_C_LANGUAGE_STANDARD = gnu17;
				GCC_NO_COMMON_BLOCKS = YES;
				GCC_WARN_64_TO_32_BIT_CONVERSION = YES;
				GCC_WARN_ABOUT_RETURN_TYPE = YES_ERROR;
				GCC_WARN_UNDECLARED_SELECTOR = YES;
				GCC_WARN_UNINITIALIZED_AUTOS = YES_AGGRESSIVE;
				GCC_WARN_UNUSED_FUNCTION = YES;
				GCC_WARN_UNUSED_VARIABLE = YES;
				IPHONEOS_DEPLOYMENT_TARGET = 18.1;
				LOCALIZATION_PREFERS_STRING_CATALOGS = YES;
				MTL_ENABLE_DEBUG_INFO = NO;
				MTL_FAST_MATH = YES;
				SDKROOT = iphoneos;
				SWIFT_COMPILATION_MODE = wholemodule;
				VALIDATE_PRODUCT = YES;
			};
			name = Release;
		};
		F34463782CD4ECEA00F0991C /* Debug */ = {
			isa = XCBuildConfiguration;
			buildSettings = {
				ASSETCATALOG_COMPILER_APPICON_NAME = AppIcon;
				ASSETCATALOG_COMPILER_GLOBAL_ACCENT_COLOR_NAME = AccentColor;
				CODE_SIGN_ENTITLEMENTS = betr/betr.entitlements;
				CODE_SIGN_STYLE = Automatic;
				CURRENT_PROJECT_VERSION = 1;
				DEVELOPMENT_ASSET_PATHS = "\"betr/Preview Content\"";
				DEVELOPMENT_TEAM = LLKKT48X2M;
				ENABLE_PREVIEWS = YES;
				GENERATE_INFOPLIST_FILE = YES;
				INFOPLIST_FILE = "";
				INFOPLIST_KEY_UIApplicationSceneManifest_Generation = YES;
				INFOPLIST_KEY_UIApplicationSupportsIndirectInputEvents = YES;
				INFOPLIST_KEY_UILaunchScreen_Generation = YES;
				INFOPLIST_KEY_UISupportedInterfaceOrientations_iPad = "UIInterfaceOrientationPortrait UIInterfaceOrientationPortraitUpsideDown UIInterfaceOrientationLandscapeLeft UIInterfaceOrientationLandscapeRight";
				INFOPLIST_KEY_UISupportedInterfaceOrientations_iPhone = "UIInterfaceOrientationPortrait UIInterfaceOrientationLandscapeLeft UIInterfaceOrientationLandscapeRight";
				LD_RUNPATH_SEARCH_PATHS = (
					"$(inherited)",
					"@executable_path/Frameworks",
				);
				MARKETING_VERSION = 1.0;
				PRODUCT_BUNDLE_IDENTIFIER = com.FredericTRIVETT.growvy;
				PRODUCT_NAME = "$(TARGET_NAME)";
				SWIFT_EMIT_LOC_STRINGS = YES;
				SWIFT_VERSION = 5.0;
				TARGETED_DEVICE_FAMILY = "1,2";
			};
			name = Debug;
		};
		F34463792CD4ECEA00F0991C /* Release */ = {
			isa = XCBuildConfiguration;
			buildSettings = {
				ASSETCATALOG_COMPILER_APPICON_NAME = AppIcon;
				ASSETCATALOG_COMPILER_GLOBAL_ACCENT_COLOR_NAME = AccentColor;
				CODE_SIGN_ENTITLEMENTS = betr/betr.entitlements;
				CODE_SIGN_STYLE = Automatic;
				CURRENT_PROJECT_VERSION = 1;
				DEVELOPMENT_ASSET_PATHS = "\"betr/Preview Content\"";
				DEVELOPMENT_TEAM = LLKKT48X2M;
				ENABLE_PREVIEWS = YES;
				GENERATE_INFOPLIST_FILE = YES;
				INFOPLIST_FILE = "";
				INFOPLIST_KEY_UIApplicationSceneManifest_Generation = YES;
				INFOPLIST_KEY_UIApplicationSupportsIndirectInputEvents = YES;
				INFOPLIST_KEY_UILaunchScreen_Generation = YES;
				INFOPLIST_KEY_UISupportedInterfaceOrientations_iPad = "UIInterfaceOrientationPortrait UIInterfaceOrientationPortraitUpsideDown UIInterfaceOrientationLandscapeLeft UIInterfaceOrientationLandscapeRight";
				INFOPLIST_KEY_UISupportedInterfaceOrientations_iPhone = "UIInterfaceOrientationPortrait UIInterfaceOrientationLandscapeLeft UIInterfaceOrientationLandscapeRight";
				LD_RUNPATH_SEARCH_PATHS = (
					"$(inherited)",
					"@executable_path/Frameworks",
				);
				MARKETING_VERSION = 1.0;
				PRODUCT_BUNDLE_IDENTIFIER = com.FredericTRIVETT.growvy;
				PRODUCT_NAME = "$(TARGET_NAME)";
				SWIFT_EMIT_LOC_STRINGS = YES;
				SWIFT_VERSION = 5.0;
				TARGETED_DEVICE_FAMILY = "1,2";
			};
			name = Release;
		};
		F344637B2CD4ECEA00F0991C /* Debug */ = {
			isa = XCBuildConfiguration;
			buildSettings = {
				BUNDLE_LOADER = "$(TEST_HOST)";
				CODE_SIGN_STYLE = Automatic;
				CURRENT_PROJECT_VERSION = 1;
				GENERATE_INFOPLIST_FILE = YES;
				IPHONEOS_DEPLOYMENT_TARGET = 18.1;
				MARKETING_VERSION = 1.0;
				PRODUCT_BUNDLE_IDENTIFIER = com.FredericTRIVETT.betrTests;
				PRODUCT_NAME = "$(TARGET_NAME)";
				SWIFT_EMIT_LOC_STRINGS = NO;
				SWIFT_VERSION = 5.0;
				TARGETED_DEVICE_FAMILY = "1,2";
				TEST_HOST = "$(BUILT_PRODUCTS_DIR)/betr.app/$(BUNDLE_EXECUTABLE_FOLDER_PATH)/betr";
			};
			name = Debug;
		};
		F344637C2CD4ECEA00F0991C /* Release */ = {
			isa = XCBuildConfiguration;
			buildSettings = {
				BUNDLE_LOADER = "$(TEST_HOST)";
				CODE_SIGN_STYLE = Automatic;
				CURRENT_PROJECT_VERSION = 1;
				GENERATE_INFOPLIST_FILE = YES;
				IPHONEOS_DEPLOYMENT_TARGET = 18.1;
				MARKETING_VERSION = 1.0;
				PRODUCT_BUNDLE_IDENTIFIER = com.FredericTRIVETT.betrTests;
				PRODUCT_NAME = "$(TARGET_NAME)";
				SWIFT_EMIT_LOC_STRINGS = NO;
				SWIFT_VERSION = 5.0;
				TARGETED_DEVICE_FAMILY = "1,2";
				TEST_HOST = "$(BUILT_PRODUCTS_DIR)/betr.app/$(BUNDLE_EXECUTABLE_FOLDER_PATH)/betr";
			};
			name = Release;
		};
		F344637E2CD4ECEA00F0991C /* Debug */ = {
			isa = XCBuildConfiguration;
			buildSettings = {
				CODE_SIGN_STYLE = Automatic;
				CURRENT_PROJECT_VERSION = 1;
				GENERATE_INFOPLIST_FILE = YES;
				MARKETING_VERSION = 1.0;
				PRODUCT_BUNDLE_IDENTIFIER = com.FredericTRIVETT.betrUITests;
				PRODUCT_NAME = "$(TARGET_NAME)";
				SWIFT_EMIT_LOC_STRINGS = NO;
				SWIFT_VERSION = 5.0;
				TARGETED_DEVICE_FAMILY = "1,2";
				TEST_TARGET_NAME = betr;
			};
			name = Debug;
		};
		F344637F2CD4ECEA00F0991C /* Release */ = {
			isa = XCBuildConfiguration;
			buildSettings = {
				CODE_SIGN_STYLE = Automatic;
				CURRENT_PROJECT_VERSION = 1;
				GENERATE_INFOPLIST_FILE = YES;
				MARKETING_VERSION = 1.0;
				PRODUCT_BUNDLE_IDENTIFIER = com.FredericTRIVETT.betrUITests;
				PRODUCT_NAME = "$(TARGET_NAME)";
				SWIFT_EMIT_LOC_STRINGS = NO;
				SWIFT_VERSION = 5.0;
				TARGETED_DEVICE_FAMILY = "1,2";
				TEST_TARGET_NAME = betr;
			};
			name = Release;
		};
/* End XCBuildConfiguration section */

/* Begin XCConfigurationList section */
		F344634E2CD4ECE900F0991C /* Build configuration list for PBXProject "betr" */ = {
			isa = XCConfigurationList;
			buildConfigurations = (
				F34463752CD4ECEA00F0991C /* Debug */,
				F34463762CD4ECEA00F0991C /* Release */,
			);
			defaultConfigurationIsVisible = 0;
			defaultConfigurationName = Release;
		};
		F34463772CD4ECEA00F0991C /* Build configuration list for PBXNativeTarget "betr" */ = {
			isa = XCConfigurationList;
			buildConfigurations = (
				F34463782CD4ECEA00F0991C /* Debug */,
				F34463792CD4ECEA00F0991C /* Release */,
			);
			defaultConfigurationIsVisible = 0;
			defaultConfigurationName = Release;
		};
		F344637A2CD4ECEA00F0991C /* Build configuration list for PBXNativeTarget "betrTests" */ = {
			isa = XCConfigurationList;
			buildConfigurations = (
				F344637B2CD4ECEA00F0991C /* Debug */,
				F344637C2CD4ECEA00F0991C /* Release */,
			);
			defaultConfigurationIsVisible = 0;
			defaultConfigurationName = Release;
		};
		F344637D2CD4ECEA00F0991C /* Build configuration list for PBXNativeTarget "betrUITests" */ = {
			isa = XCConfigurationList;
			buildConfigurations = (
				F344637E2CD4ECEA00F0991C /* Debug */,
				F344637F2CD4ECEA00F0991C /* Release */,
			);
			defaultConfigurationIsVisible = 0;
			defaultConfigurationName = Release;
		};
/* End XCConfigurationList section */

/* Begin XCLocalSwiftPackageReference section */
		F34463B52CD578B300F0991C /* XCLocalSwiftPackageReference "../../Downloads/ConfettiSwiftUI-master" */ = {
			isa = XCLocalSwiftPackageReference;
			relativePath = "../../Downloads/ConfettiSwiftUI-master";
		};
/* End XCLocalSwiftPackageReference section */
	};
	rootObject = F344634B2CD4ECE900F0991C /* Project object */;
}
